
Microsoft Visual Studio Solution File, Format Version 12.00
# Visual Studio Version 16
VisualStudioVersion = 16.0.31410.357
MinimumVisualStudioVersion = 10.0.40219.1
Project("{8BC9CEB8-8B4A-11D0-8D11-00A0C91BC942}") = "DynamicMemory(1)", "DynamicMemory(1).vcxproj", "{8A04E21C-544E-413A-A983-A39A7ABCE530}"
EndProject
Global
	GlobalSection(SolutionConfigurationPlatforms) = preSolution
		Debug|x64 = Debug|x64
		Debug|x86 = Debug|x86
		Release|x64 = Release|x64
		Release|x86 = Release|x86
	EndGlobalSection
	GlobalSection(ProjectConfigurationPlatforms) = postSolution
		{8A04E21C-544E-413A-A983-A39A7ABCE530}.Debug|x64.ActiveCfg = Debug|x64
		{8A04E21C-544E-413A-A983-A39A7ABCE530}.Debug|x64.Build.0 = Debug|x64
		{8A04E21C-544E-413A-A983-A39A7ABCE530}.Debug|x86.ActiveCfg = Debug|Win32
		{8A04E21C-544E-413A-A983-A39A7ABCE530}.Debug|x86.Build.0 = Debug|Win32
		{8A04E21C-544E-413A-A983-A39A7ABCE530}.Release|x64.ActiveCfg = Release|x64
		{8A04E21C-544E-413A-A983-A39A7ABCE530}.Release|x64.Build.0 = Release|x64
		{8A04E21C-544E-413A-A983-A39A7ABCE530}.Release|x86.ActiveCfg = Release|Win32
		{8A04E21C-544E-413A-A983-A39A7ABCE530}.Release|x86.Build.0 = Release|Win32
	EndGlobalSection
	GlobalSection(SolutionProperties) = preSolution
		HideSolutionNode = FALSE
	EndGlobalSection
	GlobalSection(ExtensibilityGlobals) = postSolution
		SolutionGuid = {E339E6A4-5160-4D9F-A57D-37B81225F5BE}
	EndGlobalSection
EndGlobal
